
Microsoft Visual Studio Solution File, Format Version 12.00
# Visual Studio 2013
VisualStudioVersion = 12.0.31101.0
MinimumVisualStudioVersion = 10.0.40219.1
Project("{FAE04EC0-301F-11D3-BF4B-00C04F79EFBC}") = "Sogeti.Capstone.Web", "Sogeti.Capstone.Web\Sogeti.Capstone.Web.csproj", "{AFA11764-B668-42C5-82ED-7847FD73FE5F}"
EndProject
Project("{FAE04EC0-301F-11D3-BF4B-00C04F79EFBC}") = "Sogeti.Capstone.Web.Tests", "Sogeti.Capstone.Web.Tests\Sogeti.Capstone.Web.Tests.csproj", "{8F9DCDCB-CF6B-4B9B-94C0-D744EEE67173}"
EndProject
Project("{FAE04EC0-301F-11D3-BF4B-00C04F79EFBC}") = "Sogeti.Capstone.Api", "Sogeti.Capstone.Api\Sogeti.Capstone.Api.csproj", "{18C9393A-74F6-48F9-B960-4DC833DF9179}"
EndProject
Project("{FAE04EC0-301F-11D3-BF4B-00C04F79EFBC}") = "Sogeti.Capstone.Api.Tests", "Sogeti.Capstone.Api.Tests\Sogeti.Capstone.Api.Tests.csproj", "{DC9B97B3-0D5E-4F68-9AE9-88A39EAF986C}"
EndProject
Project("{2150E333-8FDC-42A3-9474-1A3956D46DE8}") = "Api", "Api", "{7384C132-B004-4268-B2C6-ACF1997E3334}"
EndProject
Project("{2150E333-8FDC-42A3-9474-1A3956D46DE8}") = "Tests", "Tests", "{7C113692-2AFC-4FD2-9572-8F2E1839CAD0}"
EndProject
Project("{2150E333-8FDC-42A3-9474-1A3956D46DE8}") = "Domain", "Domain", "{850A31CF-5A01-4B1E-985A-E71FA3BEC650}"
EndProject
Project("{2150E333-8FDC-42A3-9474-1A3956D46DE8}") = "Data", "Data", "{B140E7AB-99EF-49C2-9CDB-847CA158BFC4}"
EndProject
Global
	GlobalSection(SolutionConfigurationPlatforms) = preSolution
		Debug|Any CPU = Debug|Any CPU
		Release|Any CPU = Release|Any CPU
	EndGlobalSection
	GlobalSection(ProjectConfigurationPlatforms) = postSolution
		{AFA11764-B668-42C5-82ED-7847FD73FE5F}.Debug|Any CPU.ActiveCfg = Debug|Any CPU
		{AFA11764-B668-42C5-82ED-7847FD73FE5F}.Debug|Any CPU.Build.0 = Debug|Any CPU
		{AFA11764-B668-42C5-82ED-7847FD73FE5F}.Release|Any CPU.ActiveCfg = Release|Any CPU
		{AFA11764-B668-42C5-82ED-7847FD73FE5F}.Release|Any CPU.Build.0 = Release|Any CPU
		{8F9DCDCB-CF6B-4B9B-94C0-D744EEE67173}.Debug|Any CPU.ActiveCfg = Debug|Any CPU
		{8F9DCDCB-CF6B-4B9B-94C0-D744EEE67173}.Debug|Any CPU.Build.0 = Debug|Any CPU
		{8F9DCDCB-CF6B-4B9B-94C0-D744EEE67173}.Release|Any CPU.ActiveCfg = Release|Any CPU
		{8F9DCDCB-CF6B-4B9B-94C0-D744EEE67173}.Release|Any CPU.Build.0 = Release|Any CPU
		{18C9393A-74F6-48F9-B960-4DC833DF9179}.Debug|Any CPU.ActiveCfg = Debug|Any CPU
		{18C9393A-74F6-48F9-B960-4DC833DF9179}.Debug|Any CPU.Build.0 = Debug|Any CPU
		{18C9393A-74F6-48F9-B960-4DC833DF9179}.Release|Any CPU.ActiveCfg = Release|Any CPU
		{18C9393A-74F6-48F9-B960-4DC833DF9179}.Release|Any CPU.Build.0 = Release|Any CPU
		{DC9B97B3-0D5E-4F68-9AE9-88A39EAF986C}.Debug|Any CPU.ActiveCfg = Debug|Any CPU
		{DC9B97B3-0D5E-4F68-9AE9-88A39EAF986C}.Debug|Any CPU.Build.0 = Debug|Any CPU
		{DC9B97B3-0D5E-4F68-9AE9-88A39EAF986C}.Release|Any CPU.ActiveCfg = Release|Any CPU
		{DC9B97B3-0D5E-4F68-9AE9-88A39EAF986C}.Release|Any CPU.Build.0 = Release|Any CPU
	EndGlobalSection
	GlobalSection(SolutionProperties) = preSolution
		HideSolutionNode = FALSE
	EndGlobalSection
	GlobalSection(NestedProjects) = preSolution
		{8F9DCDCB-CF6B-4B9B-94C0-D744EEE67173} = {7C113692-2AFC-4FD2-9572-8F2E1839CAD0}
		{18C9393A-74F6-48F9-B960-4DC833DF9179} = {7384C132-B004-4268-B2C6-ACF1997E3334}
		{DC9B97B3-0D5E-4F68-9AE9-88A39EAF986C} = {7C113692-2AFC-4FD2-9572-8F2E1839CAD0}
	EndGlobalSection
EndGlobal
